
Microsoft Visual Studio Solution File, Format Version 12.00
# Visual Studio Version 17
VisualStudioVersion = 17.10.34928.147
MinimumVisualStudioVersion = 10.0.40219.1
Project("{FAE04EC0-301F-11D3-BF4B-00C04F79EFBC}") = "Demo_GiaoHangSD19316", "Demo_GiaoHangSD19316\Demo_GiaoHangSD19316.csproj", "{78DB69FF-9704-4849-89F6-7EA3011EC698}"
EndProject
Global
	GlobalSection(SolutionConfigurationPlatforms) = preSolution
		Debug|Any CPU = Debug|Any CPU
		Release|Any CPU = Release|Any CPU
	EndGlobalSection
	GlobalSection(ProjectConfigurationPlatforms) = postSolution
		{78DB69FF-9704-4849-89F6-7EA3011EC698}.Debug|Any CPU.ActiveCfg = Debug|Any CPU
		{78DB69FF-9704-4849-89F6-7EA3011EC698}.Debug|Any CPU.Build.0 = Debug|Any CPU
		{78DB69FF-9704-4849-89F6-7EA3011EC698}.Release|Any CPU.ActiveCfg = Release|Any CPU
		{78DB69FF-9704-4849-89F6-7EA3011EC698}.Release|Any CPU.Build.0 = Release|Any CPU
	EndGlobalSection
	GlobalSection(SolutionProperties) = preSolution
		HideSolutionNode = FALSE
	EndGlobalSection
	GlobalSection(ExtensibilityGlobals) = postSolution
		SolutionGuid = {3D912CA2-1E9C-477C-81D8-20D6E78BD431}
	EndGlobalSection
EndGlobal
